
Microsoft Visual Studio Solution File, Format Version 12.00
# Visual Studio Version 17
VisualStudioVersion = 17.5.33627.172
MinimumVisualStudioVersion = 10.0.40219.1
Project("{FAE04EC0-301F-11D3-BF4B-00C04F79EFBC}") = "WebBanHangP2", "WebBanHangP2\WebBanHangP2.csproj", "{39BD47D5-20D5-434C-9CBE-62DD968F1D56}"
EndProject
Global
	GlobalSection(SolutionConfigurationPlatforms) = preSolution
		Debug|Any CPU = Debug|Any CPU
		Release|Any CPU = Release|Any CPU
	EndGlobalSection
	GlobalSection(ProjectConfigurationPlatforms) = postSolution
		{39BD47D5-20D5-434C-9CBE-62DD968F1D56}.Debug|Any CPU.ActiveCfg = Debug|Any CPU
		{39BD47D5-20D5-434C-9CBE-62DD968F1D56}.Debug|Any CPU.Build.0 = Debug|Any CPU
		{39BD47D5-20D5-434C-9CBE-62DD968F1D56}.Release|Any CPU.ActiveCfg = Release|Any CPU
		{39BD47D5-20D5-434C-9CBE-62DD968F1D56}.Release|Any CPU.Build.0 = Release|Any CPU
	EndGlobalSection
	GlobalSection(SolutionProperties) = preSolution
		HideSolutionNode = FALSE
	EndGlobalSection
	GlobalSection(ExtensibilityGlobals) = postSolution
		SolutionGuid = {A2901D30-6AB6-4D26-853D-6717BA40734E}
	EndGlobalSection
EndGlobal
